// !$*UTF8*$!
{
	archiveVersion = 1;
	classes = {
	};
	objectVersion = 48;
	objects = {

/* Begin PBXBuildFile section */
		5112142067FF05766C5AD407 /* Pods_Blinking_LED_detection.framework in Frameworks */ = {isa = PBXBuildFile; fileRef = 09E361F4CF5AE485B1528093 /* Pods_Blinking_LED_detection.framework */; };
		EA177B651F0C682F008FEA30 /* CGFloat+Extension.swift in Sources */ = {isa = PBXBuildFile; fileRef = EA177B641F0C682F008FEA30 /* CGFloat+Extension.swift */; };
		EA2B093C1F0D216500F5015D /* UIColor+Extension.swift in Sources */ = {isa = PBXBuildFile; fileRef = EA2B093B1F0D216500F5015D /* UIColor+Extension.swift */; };
		EA5133671F0080EC0040DAA4 /* FrameExtractor.swift in Sources */ = {isa = PBXBuildFile; fileRef = EA5133661F0080EC0040DAA4 /* FrameExtractor.swift */; };
		EA5144131F00477E0044E38D /* AppDelegate.swift in Sources */ = {isa = PBXBuildFile; fileRef = EA5144121F00477E0044E38D /* AppDelegate.swift */; };
		EA5144151F00477E0044E38D /* ViewController.swift in Sources */ = {isa = PBXBuildFile; fileRef = EA5144141F00477E0044E38D /* ViewController.swift */; };
		EA5144181F00477E0044E38D /* Main.storyboard in Resources */ = {isa = PBXBuildFile; fileRef = EA5144161F00477E0044E38D /* Main.storyboard */; };
		EA51441A1F00477E0044E38D /* Assets.xcassets in Resources */ = {isa = PBXBuildFile; fileRef = EA5144191F00477E0044E38D /* Assets.xcassets */; };
		EA51441D1F00477E0044E38D /* LaunchScreen.storyboard in Resources */ = {isa = PBXBuildFile; fileRef = EA51441B1F00477E0044E38D /* LaunchScreen.storyboard */; };
		EA79E92C1F0583F4000F51A3 /* Inceptionv3.mlmodel in Sources */ = {isa = PBXBuildFile; fileRef = EA79E92B1F058372000F51A3 /* Inceptionv3.mlmodel */; };
		EA79E92D1F0583F6000F51A3 /* Resnet50.mlmodel in Sources */ = {isa = PBXBuildFile; fileRef = EA79E9281F05787E000F51A3 /* Resnet50.mlmodel */; };
		EABD228D1F16A2F600AF59D3 /* Image+Extension.swift in Sources */ = {isa = PBXBuildFile; fileRef = EABD228C1F16A2F600AF59D3 /* Image+Extension.swift */; };
		EABD22C71F16A66900AF59D3 /* EasyImagy.framework in Frameworks */ = {isa = PBXBuildFile; fileRef = EABD22B91F16A58400AF59D3 /* EasyImagy.framework */; };
		EABD22C81F16A66900AF59D3 /* EasyImagy.framework in Embed Frameworks */ = {isa = PBXBuildFile; fileRef = EABD22B91F16A58400AF59D3 /* EasyImagy.framework */; settings = {ATTRIBUTES = (CodeSignOnCopy, RemoveHeadersOnCopy, ); }; };
		EADF0E551F0C32CD00B98957 /* GPUImageHelper.m in Sources */ = {isa = PBXBuildFile; fileRef = EADF0E541F0C32CD00B98957 /* GPUImageHelper.m */; };
		EAE360901F0BDF2A00495545 /* UIImage+Extension.swift in Sources */ = {isa = PBXBuildFile; fileRef = EAE3608F1F0BDF2A00495545 /* UIImage+Extension.swift */; };
		EAFA234E1F0B23A400F6672F /* ImageProcessing.swift in Sources */ = {isa = PBXBuildFile; fileRef = EAFA234D1F0B23A400F6672F /* ImageProcessing.swift */; };
/* End PBXBuildFile section */

/* Begin PBXContainerItemProxy section */
		EABD22B81F16A58400AF59D3 /* PBXContainerItemProxy */ = {
			isa = PBXContainerItemProxy;
			containerPortal = EABD22B01F16A58400AF59D3 /* EasyImagy.xcodeproj */;
			proxyType = 2;
			remoteGlobalIDString = D65FF0711AFB66C7006CC985;
			remoteInfo = "EasyImagy-iOS";
		};
		EABD22BA1F16A58400AF59D3 /* PBXContainerItemProxy */ = {
			isa = PBXContainerItemProxy;
			containerPortal = EABD22B01F16A58400AF59D3 /* EasyImagy.xcodeproj */;
			proxyType = 2;
			remoteGlobalIDString = D69C33A61C8D3D2A007985D4;
			remoteInfo = "EasyImagy-OSX";
		};
		EABD22BC1F16A58400AF59D3 /* PBXContainerItemProxy */ = {
			isa = PBXContainerItemProxy;
			containerPortal = EABD22B01F16A58400AF59D3 /* EasyImagy.xcodeproj */;
			proxyType = 2;
			remoteGlobalIDString = D65FF07C1AFB66C7006CC985;
			remoteInfo = "EasyImagy-iOS Tests";
		};
		EABD22BE1F16A58400AF59D3 /* PBXContainerItemProxy */ = {
			isa = PBXContainerItemProxy;
			containerPortal = EABD22B01F16A58400AF59D3 /* EasyImagy.xcodeproj */;
			proxyType = 2;
			remoteGlobalIDString = D69C33AF1C8D3D2A007985D4;
			remoteInfo = "EasyImagy-OSX Tests";
		};
		EABD22C01F16A58400AF59D3 /* PBXContainerItemProxy */ = {
			isa = PBXContainerItemProxy;
			containerPortal = EABD22B01F16A58400AF59D3 /* EasyImagy.xcodeproj */;
			proxyType = 2;
			remoteGlobalIDString = D6C2EDF81B031A0900E2B876;
			remoteInfo = EasyImagySample;
		};
		EABD22C91F16A66900AF59D3 /* PBXContainerItemProxy */ = {
			isa = PBXContainerItemProxy;
			containerPortal = EABD22B01F16A58400AF59D3 /* EasyImagy.xcodeproj */;
			proxyType = 1;
			remoteGlobalIDString = D65FF0701AFB66C7006CC985;
			remoteInfo = "EasyImagy-iOS";
		};
/* End PBXContainerItemProxy section */

/* Begin PBXCopyFilesBuildPhase section */
		EABD22CB1F16A66A00AF59D3 /* Embed Frameworks */ = {
			isa = PBXCopyFilesBuildPhase;
			buildActionMask = 2147483647;
			dstPath = "";
			dstSubfolderSpec = 10;
			files = (
				EABD22C81F16A66900AF59D3 /* EasyImagy.framework in Embed Frameworks */,
			);
			name = "Embed Frameworks";
			runOnlyForDeploymentPostprocessing = 0;
		};
/* End PBXCopyFilesBuildPhase section */

/* Begin PBXFileReference section */
		09E361F4CF5AE485B1528093 /* Pods_Blinking_LED_detection.framework */ = {isa = PBXFileReference; explicitFileType = wrapper.framework; includeInIndex = 0; path = Pods_Blinking_LED_detection.framework; sourceTree = BUILT_PRODUCTS_DIR; };
		8343B57B88AE687726AFDC8A /* Pods-Blinking_LED_detection.release.xcconfig */ = {isa = PBXFileReference; includeInIndex = 1; lastKnownFileType = text.xcconfig; name = "Pods-Blinking_LED_detection.release.xcconfig"; path = "Pods/Target Support Files/Pods-Blinking_LED_detection/Pods-Blinking_LED_detection.release.xcconfig"; sourceTree = "<group>"; };
		D28BFCC9195CDEED9715A167 /* Pods-Blinking_LED_detection.debug.xcconfig */ = {isa = PBXFileReference; includeInIndex = 1; lastKnownFileType = text.xcconfig; name = "Pods-Blinking_LED_detection.debug.xcconfig"; path = "Pods/Target Support Files/Pods-Blinking_LED_detection/Pods-Blinking_LED_detection.debug.xcconfig"; sourceTree = "<group>"; };
		EA177B571F0C37A2008FEA30 /* Blinking_LED_detection-Bridging-Header.h */ = {isa = PBXFileReference; lastKnownFileType = sourcecode.c.h; path = "Blinking_LED_detection-Bridging-Header.h"; sourceTree = "<group>"; };
		EA177B641F0C682F008FEA30 /* CGFloat+Extension.swift */ = {isa = PBXFileReference; lastKnownFileType = sourcecode.swift; path = "CGFloat+Extension.swift"; sourceTree = "<group>"; };
		EA1E38561F047981003E037A /* AVFoundation.framework */ = {isa = PBXFileReference; lastKnownFileType = wrapper.framework; name = AVFoundation.framework; path = System/Library/Frameworks/AVFoundation.framework; sourceTree = SDKROOT; };
		EA2B093B1F0D216500F5015D /* UIColor+Extension.swift */ = {isa = PBXFileReference; lastKnownFileType = sourcecode.swift; path = "UIColor+Extension.swift"; sourceTree = "<group>"; };
		EA5133661F0080EC0040DAA4 /* FrameExtractor.swift */ = {isa = PBXFileReference; lastKnownFileType = sourcecode.swift; path = FrameExtractor.swift; sourceTree = "<group>"; };
		EA51440F1F00477E0044E38D /* Blinking_LED_detection.app */ = {isa = PBXFileReference; explicitFileType = wrapper.application; includeInIndex = 0; path = Blinking_LED_detection.app; sourceTree = BUILT_PRODUCTS_DIR; };
		EA5144121F00477E0044E38D /* AppDelegate.swift */ = {isa = PBXFileReference; lastKnownFileType = sourcecode.swift; path = AppDelegate.swift; sourceTree = "<group>"; };
		EA5144141F00477E0044E38D /* ViewController.swift */ = {isa = PBXFileReference; lastKnownFileType = sourcecode.swift; path = ViewController.swift; sourceTree = "<group>"; };
		EA5144171F00477E0044E38D /* Base */ = {isa = PBXFileReference; lastKnownFileType = file.storyboard; name = Base; path = Base.lproj/Main.storyboard; sourceTree = "<group>"; };
		EA5144191F00477E0044E38D /* Assets.xcassets */ = {isa = PBXFileReference; lastKnownFileType = folder.assetcatalog; path = Assets.xcassets; sourceTree = "<group>"; };
		EA51441C1F00477E0044E38D /* Base */ = {isa = PBXFileReference; lastKnownFileType = file.storyboard; name = Base; path = Base.lproj/LaunchScreen.storyboard; sourceTree = "<group>"; };
		EA51441E1F00477E0044E38D /* Info.plist */ = {isa = PBXFileReference; lastKnownFileType = text.plist.xml; path = Info.plist; sourceTree = "<group>"; };
		EA6EE35E1F0479F700732508 /* CoreMedia.framework */ = {isa = PBXFileReference; lastKnownFileType = wrapper.framework; name = CoreMedia.framework; path = System/Library/Frameworks/CoreMedia.framework; sourceTree = SDKROOT; };
		EA6EE3601F047A1400732508 /* Foundation.framework */ = {isa = PBXFileReference; lastKnownFileType = wrapper.framework; name = Foundation.framework; path = System/Library/Frameworks/Foundation.framework; sourceTree = SDKROOT; };
		EA6EE3621F047A1C00732508 /* OpenGLES.framework */ = {isa = PBXFileReference; lastKnownFileType = wrapper.framework; name = OpenGLES.framework; path = System/Library/Frameworks/OpenGLES.framework; sourceTree = SDKROOT; };
		EA6EE3641F047A2300732508 /* QuartzCore.framework */ = {isa = PBXFileReference; lastKnownFileType = wrapper.framework; name = QuartzCore.framework; path = System/Library/Frameworks/QuartzCore.framework; sourceTree = SDKROOT; };
		EA79E9281F05787E000F51A3 /* Resnet50.mlmodel */ = {isa = PBXFileReference; lastKnownFileType = file.mlmodel; path = Resnet50.mlmodel; sourceTree = "<group>"; };
		EA79E92B1F058372000F51A3 /* Inceptionv3.mlmodel */ = {isa = PBXFileReference; lastKnownFileType = file.mlmodel; path = Inceptionv3.mlmodel; sourceTree = "<group>"; };
		EABD228C1F16A2F600AF59D3 /* Image+Extension.swift */ = {isa = PBXFileReference; lastKnownFileType = sourcecode.swift; path = "Image+Extension.swift"; sourceTree = "<group>"; };
		EABD22991F16A47300AF59D3 /* IMG_2259.PNG */ = {isa = PBXFileReference; lastKnownFileType = image.png; path = IMG_2259.PNG; sourceTree = "<group>"; };
		EABD229A1F16A47300AF59D3 /* flash.PNG */ = {isa = PBXFileReference; lastKnownFileType = image.png; path = flash.PNG; sourceTree = "<group>"; };
		EABD229B1F16A47300AF59D3 /* 3.png */ = {isa = PBXFileReference; lastKnownFileType = image.png; path = 3.png; sourceTree = "<group>"; };
		EABD229C1F16A47300AF59D3 /* Arduino.JPG */ = {isa = PBXFileReference; lastKnownFileType = image.jpeg; path = Arduino.JPG; sourceTree = "<group>"; };
		EABD229D1F16A47300AF59D3 /* 1.PNG */ = {isa = PBXFileReference; lastKnownFileType = image.png; path = 1.PNG; sourceTree = "<group>"; };
		EABD22B01F16A58400AF59D3 /* EasyImagy.xcodeproj */ = {isa = PBXFileReference; lastKnownFileType = "wrapper.pb-project"; path = EasyImagy.xcodeproj; sourceTree = SOURCE_ROOT; };
		EADF0E531F0C32CD00B98957 /* GPUImageHelper.h */ = {isa = PBXFileReference; lastKnownFileType = sourcecode.c.h; path = GPUImageHelper.h; sourceTree = "<group>"; };
		EADF0E541F0C32CD00B98957 /* GPUImageHelper.m */ = {isa = PBXFileReference; lastKnownFileType = sourcecode.c.objc; path = GPUImageHelper.m; sourceTree = "<group>"; };
		EAE3608F1F0BDF2A00495545 /* UIImage+Extension.swift */ = {isa = PBXFileReference; lastKnownFileType = sourcecode.swift; path = "UIImage+Extension.swift"; sourceTree = "<group>"; };
		EAFA234D1F0B23A400F6672F /* ImageProcessing.swift */ = {isa = PBXFileReference; lastKnownFileType = sourcecode.swift; path = ImageProcessing.swift; sourceTree = "<group>"; };
/* End PBXFileReference section */

/* Begin PBXFrameworksBuildPhase section */
		EA51440C1F00477E0044E38D /* Frameworks */ = {
			isa = PBXFrameworksBuildPhase;
			buildActionMask = 2147483647;
			files = (
				EABD22C71F16A66900AF59D3 /* EasyImagy.framework in Frameworks */,
				5112142067FF05766C5AD407 /* Pods_Blinking_LED_detection.framework in Frameworks */,
			);
			runOnlyForDeploymentPostprocessing = 0;
		};
/* End PBXFrameworksBuildPhase section */

/* Begin PBXGroup section */
		B0A113DACBF631E5BACA0B9B /* Pods */ = {
			isa = PBXGroup;
			children = (
				D28BFCC9195CDEED9715A167 /* Pods-Blinking_LED_detection.debug.xcconfig */,
				8343B57B88AE687726AFDC8A /* Pods-Blinking_LED_detection.release.xcconfig */,
			);
			name = Pods;
			sourceTree = "<group>";
		};
		DA242EAE6156C53705F3AA43 /* Frameworks */ = {
			isa = PBXGroup;
			children = (
				EA6EE3641F047A2300732508 /* QuartzCore.framework */,
				EA6EE3621F047A1C00732508 /* OpenGLES.framework */,
				EA6EE3601F047A1400732508 /* Foundation.framework */,
				EA6EE35E1F0479F700732508 /* CoreMedia.framework */,
				EA1E38561F047981003E037A /* AVFoundation.framework */,
				09E361F4CF5AE485B1528093 /* Pods_Blinking_LED_detection.framework */,
			);
			name = Frameworks;
			sourceTree = "<group>";
		};
		EA5144061F00477E0044E38D = {
			isa = PBXGroup;
			children = (
				EA5144111F00477E0044E38D /* Blinking_LED_detection */,
				EA5144101F00477E0044E38D /* Products */,
				B0A113DACBF631E5BACA0B9B /* Pods */,
				DA242EAE6156C53705F3AA43 /* Frameworks */,
			);
			sourceTree = "<group>";
		};
		EA5144101F00477E0044E38D /* Products */ = {
			isa = PBXGroup;
			children = (
				EA51440F1F00477E0044E38D /* Blinking_LED_detection.app */,
			);
			name = Products;
			sourceTree = "<group>";
		};
		EA5144111F00477E0044E38D /* Blinking_LED_detection */ = {
			isa = PBXGroup;
			children = (
				EABD22981F16A44300AF59D3 /* utils */,
				EABD22921F16A41900AF59D3 /* images */,
				EA5144121F00477E0044E38D /* AppDelegate.swift */,
				EA5144141F00477E0044E38D /* ViewController.swift */,
				EA177B641F0C682F008FEA30 /* CGFloat+Extension.swift */,
				EAFA234D1F0B23A400F6672F /* ImageProcessing.swift */,
				EA79E92B1F058372000F51A3 /* Inceptionv3.mlmodel */,
				EA5133661F0080EC0040DAA4 /* FrameExtractor.swift */,
				EA79E9281F05787E000F51A3 /* Resnet50.mlmodel */,
				EA5144161F00477E0044E38D /* Main.storyboard */,
				EA5144191F00477E0044E38D /* Assets.xcassets */,
				EA51441B1F00477E0044E38D /* LaunchScreen.storyboard */,
				EA51441E1F00477E0044E38D /* Info.plist */,
				EAE3608F1F0BDF2A00495545 /* UIImage+Extension.swift */,
				EA2B093B1F0D216500F5015D /* UIColor+Extension.swift */,
				EA177B571F0C37A2008FEA30 /* Blinking_LED_detection-Bridging-Header.h */,
				EADF0E531F0C32CD00B98957 /* GPUImageHelper.h */,
				EADF0E541F0C32CD00B98957 /* GPUImageHelper.m */,
				EABD228C1F16A2F600AF59D3 /* Image+Extension.swift */,
				EABD22B01F16A58400AF59D3 /* EasyImagy.xcodeproj */,
			);
			path = Blinking_LED_detection;
			sourceTree = "<group>";
		};
		EABD22921F16A41900AF59D3 /* images */ = {
			isa = PBXGroup;
			children = (
				EABD229C1F16A47300AF59D3 /* Arduino.JPG */,
				EABD229B1F16A47300AF59D3 /* 3.png */,
				EABD229A1F16A47300AF59D3 /* flash.PNG */,
				EABD229D1F16A47300AF59D3 /* 1.PNG */,
				EABD22991F16A47300AF59D3 /* IMG_2259.PNG */,
			);
			name = images;
			path = "New Group";
			sourceTree = "<group>";
		};
		EABD22981F16A44300AF59D3 /* utils */ = {
			isa = PBXGroup;
			children = (
			);
			path = utils;
			sourceTree = "<group>";
		};
		EABD22B11F16A58400AF59D3 /* Products */ = {
			isa = PBXGroup;
			children = (
				EABD22B91F16A58400AF59D3 /* EasyImagy.framework */,
				EABD22BB1F16A58400AF59D3 /* EasyImagy.framework */,
				EABD22BD1F16A58400AF59D3 /* EasyImagyTests.xctest */,
				EABD22BF1F16A58400AF59D3 /* EasyImagyTests.xctest */,
				EABD22C11F16A58400AF59D3 /* EasyImagySample.app */,
			);
			name = Products;
			sourceTree = "<group>";
		};
/* End PBXGroup section */

/* Begin PBXNativeTarget section */
		EA51440E1F00477E0044E38D /* Blinking_LED_detection */ = {
			isa = PBXNativeTarget;
			buildConfigurationList = EA5144211F00477E0044E38D /* Build configuration list for PBXNativeTarget "Blinking_LED_detection" */;
			buildPhases = (
				44EA5ECB2055ADF51CCD8864 /* [CP] Check Pods Manifest.lock */,
				EA51440B1F00477E0044E38D /* Sources */,
				EA51440C1F00477E0044E38D /* Frameworks */,
				EA51440D1F00477E0044E38D /* Resources */,
				6F92446E845C4B011520D305 /* [CP] Embed Pods Frameworks */,
				E62E32509FF338CC37D7061E /* [CP] Copy Pods Resources */,
				EABD22CB1F16A66A00AF59D3 /* Embed Frameworks */,
			);
			buildRules = (
			);
			dependencies = (
				EABD22CA1F16A66900AF59D3 /* PBXTargetDependency */,
			);
			name = Blinking_LED_detection;
			productName = Blinking_LED_detection;
			productReference = EA51440F1F00477E0044E38D /* Blinking_LED_detection.app */;
			productType = "com.apple.product-type.application";
		};
/* End PBXNativeTarget section */

/* Begin PBXProject section */
		EA5144071F00477E0044E38D /* Project object */ = {
			isa = PBXProject;
			attributes = {
				LastSwiftUpdateCheck = 0900;
				LastUpgradeCheck = 0900;
				ORGANIZATIONNAME = "Svitlana Moiseyenko";
				TargetAttributes = {
					EA51440E1F00477E0044E38D = {
						CreatedOnToolsVersion = 9.0;
						LastSwiftMigration = 0900;
					};
				};
			};
			buildConfigurationList = EA51440A1F00477E0044E38D /* Build configuration list for PBXProject "Blinking_LED_detection" */;
			compatibilityVersion = "Xcode 8.0";
			developmentRegion = en;
			hasScannedForEncodings = 0;
			knownRegions = (
				en,
				Base,
			);
			mainGroup = EA5144061F00477E0044E38D;
			productRefGroup = EA5144101F00477E0044E38D /* Products */;
			projectDirPath = "";
			projectReferences = (
				{
					ProductGroup = EABD22B11F16A58400AF59D3 /* Products */;
					ProjectRef = EABD22B01F16A58400AF59D3 /* EasyImagy.xcodeproj */;
				},
			);
			projectRoot = "";
			targets = (
				EA51440E1F00477E0044E38D /* Blinking_LED_detection */,
			);
		};
/* End PBXProject section */

/* Begin PBXReferenceProxy section */
		EABD22B91F16A58400AF59D3 /* EasyImagy.framework */ = {
			isa = PBXReferenceProxy;
			fileType = wrapper.framework;
			path = EasyImagy.framework;
			remoteRef = EABD22B81F16A58400AF59D3 /* PBXContainerItemProxy */;
			sourceTree = BUILT_PRODUCTS_DIR;
		};
		EABD22BB1F16A58400AF59D3 /* EasyImagy.framework */ = {
			isa = PBXReferenceProxy;
			fileType = wrapper.framework;
			path = EasyImagy.framework;
			remoteRef = EABD22BA1F16A58400AF59D3 /* PBXContainerItemProxy */;
			sourceTree = BUILT_PRODUCTS_DIR;
		};
		EABD22BD1F16A58400AF59D3 /* EasyImagyTests.xctest */ = {
			isa = PBXReferenceProxy;
			fileType = wrapper.cfbundle;
			path = EasyImagyTests.xctest;
			remoteRef = EABD22BC1F16A58400AF59D3 /* PBXContainerItemProxy */;
			sourceTree = BUILT_PRODUCTS_DIR;
		};
		EABD22BF1F16A58400AF59D3 /* EasyImagyTests.xctest */ = {
			isa = PBXReferenceProxy;
			fileType = wrapper.cfbundle;
			path = EasyImagyTests.xctest;
			remoteRef = EABD22BE1F16A58400AF59D3 /* PBXContainerItemProxy */;
			sourceTree = BUILT_PRODUCTS_DIR;
		};
		EABD22C11F16A58400AF59D3 /* EasyImagySample.app */ = {
			isa = PBXReferenceProxy;
			fileType = wrapper.application;
			path = EasyImagySample.app;
			remoteRef = EABD22C01F16A58400AF59D3 /* PBXContainerItemProxy */;
			sourceTree = BUILT_PRODUCTS_DIR;
		};
/* End PBXReferenceProxy section */

/* Begin PBXResourcesBuildPhase section */
		EA51440D1F00477E0044E38D /* Resources */ = {
			isa = PBXResourcesBuildPhase;
			buildActionMask = 2147483647;
			files = (
				EA51441D1F00477E0044E38D /* LaunchScreen.storyboard in Resources */,
				EA51441A1F00477E0044E38D /* Assets.xcassets in Resources */,
				EA5144181F00477E0044E38D /* Main.storyboard in Resources */,
			);
			runOnlyForDeploymentPostprocessing = 0;
		};
/* End PBXResourcesBuildPhase section */

/* Begin PBXShellScriptBuildPhase section */
		44EA5ECB2055ADF51CCD8864 /* [CP] Check Pods Manifest.lock */ = {
			isa = PBXShellScriptBuildPhase;
			buildActionMask = 2147483647;
			files = (
			);
			inputPaths = (
			);
			name = "[CP] Check Pods Manifest.lock";
			outputPaths = (
			);
			runOnlyForDeploymentPostprocessing = 0;
			shellPath = /bin/sh;
			shellScript = "diff \"${PODS_ROOT}/../Podfile.lock\" \"${PODS_ROOT}/Manifest.lock\" > /dev/null\nif [ $? != 0 ] ; then\n    # print error to STDERR\n    echo \"error: The sandbox is not in sync with the Podfile.lock. Run 'pod install' or update your CocoaPods installation.\" >&2\n    exit 1\nfi\n";
			showEnvVarsInLog = 0;
		};
		6F92446E845C4B011520D305 /* [CP] Embed Pods Frameworks */ = {
			isa = PBXShellScriptBuildPhase;
			buildActionMask = 2147483647;
			files = (
			);
			inputPaths = (
			);
			name = "[CP] Embed Pods Frameworks";
			outputPaths = (
			);
			runOnlyForDeploymentPostprocessing = 0;
			shellPath = /bin/sh;
			shellScript = "\"${SRCROOT}/Pods/Target Support Files/Pods-Blinking_LED_detection/Pods-Blinking_LED_detection-frameworks.sh\"\n";
			showEnvVarsInLog = 0;
		};
		E62E32509FF338CC37D7061E /* [CP] Copy Pods Resources */ = {
			isa = PBXShellScriptBuildPhase;
			buildActionMask = 2147483647;
			files = (
			);
			inputPaths = (
			);
			name = "[CP] Copy Pods Resources";
			outputPaths = (
			);
			runOnlyForDeploymentPostprocessing = 0;
			shellPath = /bin/sh;
			shellScript = "\"${SRCROOT}/Pods/Target Support Files/Pods-Blinking_LED_detection/Pods-Blinking_LED_detection-resources.sh\"\n";
			showEnvVarsInLog = 0;
		};
/* End PBXShellScriptBuildPhase section */

/* Begin PBXSourcesBuildPhase section */
		EA51440B1F00477E0044E38D /* Sources */ = {
			isa = PBXSourcesBuildPhase;
			buildActionMask = 2147483647;
			files = (
				EABD228D1F16A2F600AF59D3 /* Image+Extension.swift in Sources */,
				EA79E92D1F0583F6000F51A3 /* Resnet50.mlmodel in Sources */,
				EAE360901F0BDF2A00495545 /* UIImage+Extension.swift in Sources */,
				EADF0E551F0C32CD00B98957 /* GPUImageHelper.m in Sources */,
				EA5144151F00477E0044E38D /* ViewController.swift in Sources */,
				EAFA234E1F0B23A400F6672F /* ImageProcessing.swift in Sources */,
				EA177B651F0C682F008FEA30 /* CGFloat+Extension.swift in Sources */,
				EA79E92C1F0583F4000F51A3 /* Inceptionv3.mlmodel in Sources */,
				EA5144131F00477E0044E38D /* AppDelegate.swift in Sources */,
				EA5133671F0080EC0040DAA4 /* FrameExtractor.swift in Sources */,
				EA2B093C1F0D216500F5015D /* UIColor+Extension.swift in Sources */,
			);
			runOnlyForDeploymentPostprocessing = 0;
		};
/* End PBXSourcesBuildPhase section */

/* Begin PBXTargetDependency section */
		EABD22CA1F16A66900AF59D3 /* PBXTargetDependency */ = {
			isa = PBXTargetDependency;
			name = "EasyImagy-iOS";
			targetProxy = EABD22C91F16A66900AF59D3 /* PBXContainerItemProxy */;
		};
/* End PBXTargetDependency section */

/* Begin PBXVariantGroup section */
		EA5144161F00477E0044E38D /* Main.storyboard */ = {
			isa = PBXVariantGroup;
			children = (
				EA5144171F00477E0044E38D /* Base */,
			);
			name = Main.storyboard;
			sourceTree = "<group>";
		};
		EA51441B1F00477E0044E38D /* LaunchScreen.storyboard */ = {
			isa = PBXVariantGroup;
			children = (
				EA51441C1F00477E0044E38D /* Base */,
			);
			name = LaunchScreen.storyboard;
			sourceTree = "<group>";
		};
/* End PBXVariantGroup section */

/* Begin XCBuildConfiguration section */
		EA51441F1F00477E0044E38D /* Debug */ = {
			isa = XCBuildConfiguration;
			buildSettings = {
				ALWAYS_EMBED_SWIFT_STANDARD_LIBRARIES = YES;
				ALWAYS_SEARCH_USER_PATHS = NO;
				CLANG_ANALYZER_NONNULL = YES;
				CLANG_ANALYZER_NUMBER_OBJECT_CONVERSION = YES_AGGRESSIVE;
				CLANG_CXX_LANGUAGE_STANDARD = "gnu++14";
				CLANG_CXX_LIBRARY = "libc++";
				CLANG_ENABLE_MODULES = YES;
				CLANG_ENABLE_OBJC_ARC = YES;
				CLANG_WARN_BLOCK_CAPTURE_AUTORELEASING = YES;
				CLANG_WARN_BOOL_CONVERSION = YES;
				CLANG_WARN_COMMA = YES;
				CLANG_WARN_CONSTANT_CONVERSION = YES;
				CLANG_WARN_DIRECT_OBJC_ISA_USAGE = YES_ERROR;
				CLANG_WARN_DOCUMENTATION_COMMENTS = YES;
				CLANG_WARN_EMPTY_BODY = YES;
				CLANG_WARN_ENUM_CONVERSION = YES;
				CLANG_WARN_INFINITE_RECURSION = YES;
				CLANG_WARN_INT_CONVERSION = YES;
				CLANG_WARN_OBJC_ROOT_CLASS = YES_ERROR;
				CLANG_WARN_RANGE_LOOP_ANALYSIS = YES;
				CLANG_WARN_STRICT_PROTOTYPES = YES;
				CLANG_WARN_SUSPICIOUS_MOVE = YES;
				CLANG_WARN_UNGUARDED_AVAILABILITY = YES_AGGRESSIVE;
				CLANG_WARN_UNREACHABLE_CODE = YES;
				CLANG_WARN__DUPLICATE_METHOD_MATCH = YES;
				CODE_SIGN_IDENTITY = "iPhone Developer";
				COPY_PHASE_STRIP = NO;
				DEBUG_INFORMATION_FORMAT = dwarf;
				EMBED_ASSET_PACKS_IN_PRODUCT_BUNDLE = NO;
				ENABLE_STRICT_OBJC_MSGSEND = YES;
				ENABLE_TESTABILITY = YES;
				GCC_C_LANGUAGE_STANDARD = gnu11;
				GCC_DYNAMIC_NO_PIC = NO;
				GCC_NO_COMMON_BLOCKS = YES;
				GCC_OPTIMIZATION_LEVEL = 0;
				GCC_PREPROCESSOR_DEFINITIONS = (
					"DEBUG=1",
					"$(inherited)",
				);
				GCC_WARN_64_TO_32_BIT_CONVERSION = YES;
				GCC_WARN_ABOUT_RETURN_TYPE = YES_ERROR;
				GCC_WARN_UNDECLARED_SELECTOR = YES;
				GCC_WARN_UNINITIALIZED_AUTOS = YES_AGGRESSIVE;
				GCC_WARN_UNUSED_FUNCTION = YES;
				GCC_WARN_UNUSED_VARIABLE = YES;
				IPHONEOS_DEPLOYMENT_TARGET = 11.0;
				MTL_ENABLE_DEBUG_INFO = YES;
				ONLY_ACTIVE_ARCH = YES;
				SDKROOT = iphoneos;
				SWIFT_ACTIVE_COMPILATION_CONDITIONS = DEBUG;
				SWIFT_OPTIMIZATION_LEVEL = "-Onone";
			};
			name = Debug;
		};
		EA5144201F00477E0044E38D /* Release */ = {
			isa = XCBuildConfiguration;
			buildSettings = {
				ALWAYS_EMBED_SWIFT_STANDARD_LIBRARIES = YES;
				ALWAYS_SEARCH_USER_PATHS = NO;
				CLANG_ANALYZER_NONNULL = YES;
				CLANG_ANALYZER_NUMBER_OBJECT_CONVERSION = YES_AGGRESSIVE;
				CLANG_CXX_LANGUAGE_STANDARD = "gnu++14";
				CLANG_CXX_LIBRARY = "libc++";
				CLANG_ENABLE_MODULES = YES;
				CLANG_ENABLE_OBJC_ARC = YES;
				CLANG_WARN_BLOCK_CAPTURE_AUTORELEASING = YES;
				CLANG_WARN_BOOL_CONVERSION = YES;
				CLANG_WARN_COMMA = YES;
				CLANG_WARN_CONSTANT_CONVERSION = YES;
				CLANG_WARN_DIRECT_OBJC_ISA_USAGE = YES_ERROR;
				CLANG_WARN_DOCUMENTATION_COMMENTS = YES;
				CLANG_WARN_EMPTY_BODY = YES;
				CLANG_WARN_ENUM_CONVERSION = YES;
				CLANG_WARN_INFINITE_RECURSION = YES;
				CLANG_WARN_INT_CONVERSION = YES;
				CLANG_WARN_OBJC_ROOT_CLASS = YES_ERROR;
				CLANG_WARN_RANGE_LOOP_ANALYSIS = YES;
				CLANG_WARN_STRICT_PROTOTYPES = YES;
				CLANG_WARN_SUSPICIOUS_MOVE = YES;
				CLANG_WARN_UNGUARDED_AVAILABILITY = YES_AGGRESSIVE;
				CLANG_WARN_UNREACHABLE_CODE = YES;
				CLANG_WARN__DUPLICATE_METHOD_MATCH = YES;
				CODE_SIGN_IDENTITY = "iPhone Developer";
				COPY_PHASE_STRIP = NO;
				DEBUG_INFORMATION_FORMAT = "dwarf-with-dsym";
				EMBED_ASSET_PACKS_IN_PRODUCT_BUNDLE = NO;
				ENABLE_NS_ASSERTIONS = NO;
				ENABLE_STRICT_OBJC_MSGSEND = YES;
				GCC_C_LANGUAGE_STANDARD = gnu11;
				GCC_NO_COMMON_BLOCKS = YES;
				GCC_WARN_64_TO_32_BIT_CONVERSION = YES;
				GCC_WARN_ABOUT_RETURN_TYPE = YES_ERROR;
				GCC_WARN_UNDECLARED_SELECTOR = YES;
				GCC_WARN_UNINITIALIZED_AUTOS = YES_AGGRESSIVE;
				GCC_WARN_UNUSED_FUNCTION = YES;
				GCC_WARN_UNUSED_VARIABLE = YES;
				IPHONEOS_DEPLOYMENT_TARGET = 11.0;
				MTL_ENABLE_DEBUG_INFO = NO;
				SDKROOT = iphoneos;
				SWIFT_OPTIMIZATION_LEVEL = "-Owholemodule";
				VALIDATE_PRODUCT = YES;
			};
			name = Release;
		};
		EA5144221F00477E0044E38D /* Debug */ = {
			isa = XCBuildConfiguration;
			baseConfigurationReference = D28BFCC9195CDEED9715A167 /* Pods-Blinking_LED_detection.debug.xcconfig */;
			buildSettings = {
				ALWAYS_EMBED_SWIFT_STANDARD_LIBRARIES = YES;
				ASSETCATALOG_COMPILER_APPICON_NAME = AppIcon;
				CLANG_ENABLE_MODULES = YES;
				DEVELOPMENT_TEAM = U8333665R6;
				EMBED_ASSET_PACKS_IN_PRODUCT_BUNDLE = NO;
				FRAMEWORK_SEARCH_PATHS = (
					"$(inherited)",
					"$(SRCROOT)/**",
					"\"$PODS_CONFIGURATION_BUILD_DIR/GPUImage\"",
				);
				INFOPLIST_FILE = Blinking_LED_detection/Info.plist;
				LD_RUNPATH_SEARCH_PATHS = "$(inherited) @executable_path/Frameworks";
				PRODUCT_BUNDLE_IDENTIFIER = "com.Blinking-LED-detection";
				PRODUCT_NAME = "$(TARGET_NAME)";
				SWIFT_OBJC_BRIDGING_HEADER = "$(PROJECT_DIR)/$(PROJECT_NAME)/$(PROJECT_NAME)-Bridging-Header.h";
				SWIFT_OPTIMIZATION_LEVEL = "-Onone";
				SWIFT_VERSION = 4.0;
				TARGETED_DEVICE_FAMILY = "1,2";
			};
			name = Debug;
		};
		EA5144231F00477E0044E38D /* Release */ = {
			isa = XCBuildConfiguration;
			baseConfigurationReference = 8343B57B88AE687726AFDC8A /* Pods-Blinking_LED_detection.release.xcconfig */;
			buildSettings = {
				ALWAYS_EMBED_SWIFT_STANDARD_LIBRARIES = YES;
				ASSETCATALOG_COMPILER_APPICON_NAME = AppIcon;
				CLANG_ENABLE_MODULES = YES;
				DEVELOPMENT_TEAM = U8333665R6;
				EMBED_ASSET_PACKS_IN_PRODUCT_BUNDLE = NO;
				FRAMEWORK_SEARCH_PATHS = (
					"$(inherited)",
					"$(SRCROOT)/**",
					"\"$PODS_CONFIGURATION_BUILD_DIR/GPUImage\"",
				);
				INFOPLIST_FILE = Blinking_LED_detection/Info.plist;
				LD_RUNPATH_SEARCH_PATHS = "$(inherited) @executable_path/Frameworks";
				PRODUCT_BUNDLE_IDENTIFIER = "com.Blinking-LED-detection";
				PRODUCT_NAME = "$(TARGET_NAME)";
				SWIFT_OBJC_BRIDGING_HEADER = "$(PROJECT_DIR)/$(PROJECT_NAME)/$(PROJECT_NAME)-Bridging-Header.h";
				SWIFT_VERSION = 4.0;
				TARGETED_DEVICE_FAMILY = "1,2";
			};
			name = Release;
		};
/* End XCBuildConfiguration section */

/* Begin XCConfigurationList section */
		EA51440A1F00477E0044E38D /* Build configuration list for PBXProject "Blinking_LED_detection" */ = {
			isa = XCConfigurationList;
			buildConfigurations = (
				EA51441F1F00477E0044E38D /* Debug */,
				EA5144201F00477E0044E38D /* Release */,
			);
			defaultConfigurationIsVisible = 0;
			defaultConfigurationName = Release;
		};
		EA5144211F00477E0044E38D /* Build configuration list for PBXNativeTarget "Blinking_LED_detection" */ = {
			isa = XCConfigurationList;
			buildConfigurations = (
				EA5144221F00477E0044E38D /* Debug */,
				EA5144231F00477E0044E38D /* Release */,
			);
			defaultConfigurationIsVisible = 0;
			defaultConfigurationName = Release;
		};
/* End XCConfigurationList section */
	};
	rootObject = EA5144071F00477E0044E38D /* Project object */;
}
